
Microsoft Visual Studio Solution File, Format Version 12.00
# Visual Studio Version 17
VisualStudioVersion = 17.10.35122.118
MinimumVisualStudioVersion = 10.0.40219.1
Project("{FAE04EC0-301F-11D3-BF4B-00C04F79EFBC}") = "API_Usuarios", "API_Usuarios.csproj", "{FF59ACA9-0FC0-46DD-8630-22ED86C08D4B}"
EndProject
Global
	GlobalSection(SolutionConfigurationPlatforms) = preSolution
		Debug|Any CPU = Debug|Any CPU
		Release|Any CPU = Release|Any CPU
	EndGlobalSection
	GlobalSection(ProjectConfigurationPlatforms) = postSolution
		{FF59ACA9-0FC0-46DD-8630-22ED86C08D4B}.Debug|Any CPU.ActiveCfg = Debug|Any CPU
		{FF59ACA9-0FC0-46DD-8630-22ED86C08D4B}.Debug|Any CPU.Build.0 = Debug|Any CPU
		{FF59ACA9-0FC0-46DD-8630-22ED86C08D4B}.Release|Any CPU.ActiveCfg = Release|Any CPU
		{FF59ACA9-0FC0-46DD-8630-22ED86C08D4B}.Release|Any CPU.Build.0 = Release|Any CPU
	EndGlobalSection
	GlobalSection(SolutionProperties) = preSolution
		HideSolutionNode = FALSE
	EndGlobalSection
	GlobalSection(ExtensibilityGlobals) = postSolution
		SolutionGuid = {77DA6831-4095-482A-A1AC-F7703CC0E783}
	EndGlobalSection
EndGlobal
